<?xml version="1.0" encoding="utf-8"?>
<Project ToolsVersion="4.0" xmlns="http://schemas.microsoft.com/developer/msbuild/2003">
  <ItemGroup>
    <Filter Include="Source Files">
      <UniqueIdentifier>{4FC737F1-C7A5-4376-A066-2A32D752A2FF}</UniqueIdentifier>
      <Extensions>cpp;c;cc;cxx;def;odl;idl;hpj;bat;asm;asmx</Extensions>
    </Filter>
    <Filter Include="Header Files">
      <UniqueIdentifier>{93995380-89BD-4b04-88EB-625FBE52EBFB}</UniqueIdentifier>
      <Extensions>h;hh;hpp;hxx;hm;inl;inc;ipp;xsd</Extensions>
    </Filter>
    <Filter Include="Resource Files">
      <UniqueIdentifier>{67DA6AB6-F800-4c08-8B7A-83BB121AAD01}</UniqueIdentifier>
      <Extensions>rc;ico;cur;bmp;dlg;rc2;rct;bin;rgs;gif;jpg;jpeg;jpe;resx;tiff;tif;png;wav;mfcribbon-ms</Extensions>
    </Filter>
    <Filter Include="Header Files\Networking">
      <UniqueIdentifier>{c682a192-3072-49fd-abb8-4d4f8c7356d7}</UniqueIdentifier>
    </Filter>
    <Filter Include="Source Files\Networking">
      <UniqueIdentifier>{9d0d1963-9847-498f-ae63-6e1b052a436d}</UniqueIdentifier>
    </Filter>
    <Filter Include="Header Files\FDM">
      <UniqueIdentifier>{b1e5a415-5981-4d13-9395-422e5e4edad7}</UniqueIdentifier>
    </Filter>
    <Filter Include="Source Files\FDM">
      <UniqueIdentifier>{7fbfde93-4d22-4ad6-86f7-132866951227}</UniqueIdentifier>
    </Filter>
    <Filter Include="Header Files\Geometry">
      <UniqueIdentifier>{8ebf9334-bcfa-4b0b-b730-bc8219c4e36e}</UniqueIdentifier>
    </Filter>
    <Filter Include="Source Files\Geometry">
      <UniqueIdentifier>{73023805-eb57-4f13-adca-eeecacec60e4}</UniqueIdentifier>
    </Filter>
  </ItemGroup>
  <ItemGroup>
    <ClInclude Include="stdafx.h">
      <Filter>Header Files</Filter>
    </ClInclude>
    <ClInclude Include="targetver.h">
      <Filter>Header Files</Filter>
    </ClInclude>
    <ClInclude Include="BoostPythonUtils.h++">
      <Filter>Header Files</Filter>
    </ClInclude>
    <ClInclude Include="SimEntity.h++">
      <Filter>Header Files</Filter>
    </ClInclude>
    <ClInclude Include="SimEntityPython.h++">
      <Filter>Header Files</Filter>
    </ClInclude>
    <ClInclude Include="connection.h++">
      <Filter>Header Files\Networking</Filter>
    </ClInclude>
    <ClInclude Include="message_handler.h++">
      <Filter>Header Files\Networking</Filter>
    </ClInclude>
    <ClInclude Include="message_types.h++">
      <Filter>Header Files\Networking</Filter>
    </ClInclude>
    <ClInclude Include="server.h++">
      <Filter>Header Files\Networking</Filter>
    </ClInclude>
    <ClInclude Include="jsdbsim-wrapper.c++">
      <Filter>Source Files\FDM</Filter>
    </ClInclude>
  </ItemGroup>
  <ItemGroup>
    <ClCompile Include="stdafx.cpp">
      <Filter>Source Files</Filter>
    </ClCompile>
    <ClCompile Include="message_handler.c++">
      <Filter>Source Files\Networking</Filter>
    </ClCompile>
    <ClCompile Include="server.c++">
      <Filter>Source Files\Networking</Filter>
    </ClCompile>
    <ClCompile Include="SimEntity.c++">
      <Filter>Source Files</Filter>
    </ClCompile>
    <ClCompile Include="UnmannedSimulation.c++">
      <Filter>Source Files</Filter>
    </ClCompile>
  </ItemGroup>
  <ItemGroup>
    <None Include="jsbsim-wrapper.h++">
      <Filter>Header Files\FDM</Filter>
    </None>
    <None Include="geometry.h++">
      <Filter>Header Files\Geometry</Filter>
    </None>
    <None Include="geometry.c++">
      <Filter>Source Files\Geometry</Filter>
    </None>
  </ItemGroup>
</Project>